
Microsoft Visual Studio Solution File, Format Version 12.00
# Visual Studio Version 16
VisualStudioVersion = 16.0.29025.244
MinimumVisualStudioVersion = 10.0.40219.1
Project("{8BC9CEB8-8B4A-11D0-8D11-00A0C91BC942}") = "imageProcessing_practice", "imageProcessing_practice.vcxproj", "{C6A5EE14-716D-42CE-8F78-6D98FA49B830}"
EndProject
Global
	GlobalSection(SolutionConfigurationPlatforms) = preSolution
		Debug|x64 = Debug|x64
		Release|x64 = Release|x64
	EndGlobalSection
	GlobalSection(ProjectConfigurationPlatforms) = postSolution
		{C6A5EE14-716D-42CE-8F78-6D98FA49B830}.Debug|x64.ActiveCfg = Debug|x64
		{C6A5EE14-716D-42CE-8F78-6D98FA49B830}.Debug|x64.Build.0 = Debug|x64
		{C6A5EE14-716D-42CE-8F78-6D98FA49B830}.Release|x64.ActiveCfg = Release|x64
		{C6A5EE14-716D-42CE-8F78-6D98FA49B830}.Release|x64.Build.0 = Release|x64
	EndGlobalSection
	GlobalSection(SolutionProperties) = preSolution
		HideSolutionNode = FALSE
	EndGlobalSection
	GlobalSection(ExtensibilityGlobals) = postSolution
		SolutionGuid = {92F7C21E-DFF1-4BF3-B5A1-11E20D85AB3E}
	EndGlobalSection
EndGlobal
